
Microsoft Visual Studio Solution File, Format Version 12.00
# Visual Studio Version 16
VisualStudioVersion = 16.0.31624.102
MinimumVisualStudioVersion = 10.0.40219.1
Project("{9A19103F-16F7-4668-BE54-9A1E7A4F7556}") = "Ecommerce.Payments.API", "EcommercePaymentsAPI\Ecommerce.Payments.API.csproj", "{67DBF664-11FD-4E1A-87B4-DA9A96C1C746}"
EndProject
Project("{FAE04EC0-301F-11D3-BF4B-00C04F79EFBC}") = "Ecommerce.Payments.Application", "EcommercePayments.Application\Ecommerce.Payments.Application.csproj", "{F5B0D881-9CAD-4C87-BAA0-720E5994E3C2}"
EndProject
Project("{FAE04EC0-301F-11D3-BF4B-00C04F79EFBC}") = "Ecommerce.Payments.Infrastructure", "Ecommerce.Payments.Infrastructure\Ecommerce.Payments.Infrastructure.csproj", "{F1BDAD34-D069-454C-9C4D-DA2A4AF895C4}"
EndProject
Project("{FAE04EC0-301F-11D3-BF4B-00C04F79EFBC}") = "Ecommerce.Payments.Core", "Ecommerce.Payments.Domain\Ecommerce.Payments.Core.csproj", "{5B01A2D9-7F9D-42AA-8CB9-BD69344098F8}"
EndProject
Global
	GlobalSection(SolutionConfigurationPlatforms) = preSolution
		Debug|Any CPU = Debug|Any CPU
		Release|Any CPU = Release|Any CPU
	EndGlobalSection
	GlobalSection(ProjectConfigurationPlatforms) = postSolution
		{67DBF664-11FD-4E1A-87B4-DA9A96C1C746}.Debug|Any CPU.ActiveCfg = Debug|Any CPU
		{67DBF664-11FD-4E1A-87B4-DA9A96C1C746}.Debug|Any CPU.Build.0 = Debug|Any CPU
		{67DBF664-11FD-4E1A-87B4-DA9A96C1C746}.Release|Any CPU.ActiveCfg = Release|Any CPU
		{67DBF664-11FD-4E1A-87B4-DA9A96C1C746}.Release|Any CPU.Build.0 = Release|Any CPU
		{F5B0D881-9CAD-4C87-BAA0-720E5994E3C2}.Debug|Any CPU.ActiveCfg = Debug|Any CPU
		{F5B0D881-9CAD-4C87-BAA0-720E5994E3C2}.Debug|Any CPU.Build.0 = Debug|Any CPU
		{F5B0D881-9CAD-4C87-BAA0-720E5994E3C2}.Release|Any CPU.ActiveCfg = Release|Any CPU
		{F5B0D881-9CAD-4C87-BAA0-720E5994E3C2}.Release|Any CPU.Build.0 = Release|Any CPU
		{F1BDAD34-D069-454C-9C4D-DA2A4AF895C4}.Debug|Any CPU.ActiveCfg = Debug|Any CPU
		{F1BDAD34-D069-454C-9C4D-DA2A4AF895C4}.Debug|Any CPU.Build.0 = Debug|Any CPU
		{F1BDAD34-D069-454C-9C4D-DA2A4AF895C4}.Release|Any CPU.ActiveCfg = Release|Any CPU
		{F1BDAD34-D069-454C-9C4D-DA2A4AF895C4}.Release|Any CPU.Build.0 = Release|Any CPU
		{5B01A2D9-7F9D-42AA-8CB9-BD69344098F8}.Debug|Any CPU.ActiveCfg = Debug|Any CPU
		{5B01A2D9-7F9D-42AA-8CB9-BD69344098F8}.Debug|Any CPU.Build.0 = Debug|Any CPU
		{5B01A2D9-7F9D-42AA-8CB9-BD69344098F8}.Release|Any CPU.ActiveCfg = Release|Any CPU
		{5B01A2D9-7F9D-42AA-8CB9-BD69344098F8}.Release|Any CPU.Build.0 = Release|Any CPU
	EndGlobalSection
	GlobalSection(SolutionProperties) = preSolution
		HideSolutionNode = FALSE
	EndGlobalSection
	GlobalSection(ExtensibilityGlobals) = postSolution
		SolutionGuid = {15ECA209-4B98-4C2D-B760-69CB23B27101}
	EndGlobalSection
EndGlobal
